# This file is automatically @generated by Poetry 2.2.1 and should not be changed by hand.

[[package]]
name = "logging"
version = "0.4.9.6"
description = "A logging module for Python"
optional = false
python-versions = "*"
groups = ["main"]
files = [
    {file = "logging-0.4.9.6.tar.gz", hash = "sha256:26f6b50773f085042d301085bd1bf5d9f3735704db9f37c1ce6d8b85c38f2417"},
]

[metadata]
lock-version = "2.1"
python-versions = ">=3.12"
content-hash = "82b6a05b1d93ced21ea426144a2cace6fb4a1c8b79d98b496141787e58e3f466"
